
Microsoft Visual Studio Solution File, Format Version 12.00
# 
Project("{2150E333-8FDC-42A3-9474-1A3956D46DE8}") = "Commons", "Commons", "{D423F6EE-8249-4994-8B95-153E8C53B71A}"
EndProject
Project("{2150E333-8FDC-42A3-9474-1A3956D46DE8}") = "FileService", "FileService", "{EDB74CB7-EE6D-4DE3-BAA4-B967DFED294E}"
EndProject
Project("{FAE04EC0-301F-11D3-BF4B-00C04F79EFBC}") = "FileService.Domain", "FileService.Domain\FileService.Domain.csproj", "{8713E609-E340-4BE3-8188-F38F0C9EC2C6}"
EndProject
Project("{FAE04EC0-301F-11D3-BF4B-00C04F79EFBC}") = "Domain.Commons", "Domain.Commons\Domain.Commons.csproj", "{4595E1EC-3AB6-4A5A-9324-A0D4BDC89674}"
EndProject
Project("{FAE04EC0-301F-11D3-BF4B-00C04F79EFBC}") = "Zhixin.Commons", "Zhixin.Commons\Zhixin.Commons.csproj", "{13DDABEE-183F-4686-A502-700050EE8E56}"
EndProject
Project("{FAE04EC0-301F-11D3-BF4B-00C04F79EFBC}") = "FileService.Infrastructure", "FileService.Infrastructure\FileService.Infrastructure.csproj", "{C2B03127-899E-4EF3-A9BB-AEEFED66ADF0}"
EndProject
Project("{FAE04EC0-301F-11D3-BF4B-00C04F79EFBC}") = "ZhiXin.Infrastructure", "ZhiXin.Infrastructure\ZhiXin.Infrastructure.csproj", "{6F320BF0-9239-49D1-A8FE-1220432A8D06}"
EndProject
Project("{FAE04EC0-301F-11D3-BF4B-00C04F79EFBC}") = "FileService.WebAPI", "FileService.WebAPI\FileService.WebAPI.csproj", "{B4152BFA-3517-4B8C-80E7-AF622F2ABED7}"
EndProject
Project("{FAE04EC0-301F-11D3-BF4B-00C04F79EFBC}") = "ZhiXin.ASPNETCore", "ZhiXin.ASPNETCore\ZhiXin.ASPNETCore.csproj", "{580487C3-D32A-4F00-8311-8199090D6629}"
EndProject
Project("{FAE04EC0-301F-11D3-BF4B-00C04F79EFBC}") = "CommonInitializer", "CommonInitializer\CommonInitializer.csproj", "{CAE8A923-9233-40DD-AE25-A591A65EF732}"
EndProject
Global
	GlobalSection(SolutionConfigurationPlatforms) = preSolution
		Debug|Any CPU = Debug|Any CPU
		Release|Any CPU = Release|Any CPU
	EndGlobalSection
	GlobalSection(ProjectConfigurationPlatforms) = postSolution
		{8713E609-E340-4BE3-8188-F38F0C9EC2C6}.Debug|Any CPU.ActiveCfg = Debug|Any CPU
		{8713E609-E340-4BE3-8188-F38F0C9EC2C6}.Debug|Any CPU.Build.0 = Debug|Any CPU
		{8713E609-E340-4BE3-8188-F38F0C9EC2C6}.Release|Any CPU.ActiveCfg = Release|Any CPU
		{8713E609-E340-4BE3-8188-F38F0C9EC2C6}.Release|Any CPU.Build.0 = Release|Any CPU
		{4595E1EC-3AB6-4A5A-9324-A0D4BDC89674}.Debug|Any CPU.ActiveCfg = Debug|Any CPU
		{4595E1EC-3AB6-4A5A-9324-A0D4BDC89674}.Debug|Any CPU.Build.0 = Debug|Any CPU
		{4595E1EC-3AB6-4A5A-9324-A0D4BDC89674}.Release|Any CPU.ActiveCfg = Release|Any CPU
		{4595E1EC-3AB6-4A5A-9324-A0D4BDC89674}.Release|Any CPU.Build.0 = Release|Any CPU
		{13DDABEE-183F-4686-A502-700050EE8E56}.Debug|Any CPU.ActiveCfg = Debug|Any CPU
		{13DDABEE-183F-4686-A502-700050EE8E56}.Debug|Any CPU.Build.0 = Debug|Any CPU
		{13DDABEE-183F-4686-A502-700050EE8E56}.Release|Any CPU.ActiveCfg = Release|Any CPU
		{13DDABEE-183F-4686-A502-700050EE8E56}.Release|Any CPU.Build.0 = Release|Any CPU
		{C2B03127-899E-4EF3-A9BB-AEEFED66ADF0}.Debug|Any CPU.ActiveCfg = Debug|Any CPU
		{C2B03127-899E-4EF3-A9BB-AEEFED66ADF0}.Debug|Any CPU.Build.0 = Debug|Any CPU
		{C2B03127-899E-4EF3-A9BB-AEEFED66ADF0}.Release|Any CPU.ActiveCfg = Release|Any CPU
		{C2B03127-899E-4EF3-A9BB-AEEFED66ADF0}.Release|Any CPU.Build.0 = Release|Any CPU
		{6F320BF0-9239-49D1-A8FE-1220432A8D06}.Debug|Any CPU.ActiveCfg = Debug|Any CPU
		{6F320BF0-9239-49D1-A8FE-1220432A8D06}.Debug|Any CPU.Build.0 = Debug|Any CPU
		{6F320BF0-9239-49D1-A8FE-1220432A8D06}.Release|Any CPU.ActiveCfg = Release|Any CPU
		{6F320BF0-9239-49D1-A8FE-1220432A8D06}.Release|Any CPU.Build.0 = Release|Any CPU
		{B4152BFA-3517-4B8C-80E7-AF622F2ABED7}.Debug|Any CPU.ActiveCfg = Debug|Any CPU
		{B4152BFA-3517-4B8C-80E7-AF622F2ABED7}.Debug|Any CPU.Build.0 = Debug|Any CPU
		{B4152BFA-3517-4B8C-80E7-AF622F2ABED7}.Release|Any CPU.ActiveCfg = Release|Any CPU
		{B4152BFA-3517-4B8C-80E7-AF622F2ABED7}.Release|Any CPU.Build.0 = Release|Any CPU
		{580487C3-D32A-4F00-8311-8199090D6629}.Debug|Any CPU.ActiveCfg = Debug|Any CPU
		{580487C3-D32A-4F00-8311-8199090D6629}.Debug|Any CPU.Build.0 = Debug|Any CPU
		{580487C3-D32A-4F00-8311-8199090D6629}.Release|Any CPU.ActiveCfg = Release|Any CPU
		{580487C3-D32A-4F00-8311-8199090D6629}.Release|Any CPU.Build.0 = Release|Any CPU
		{CAE8A923-9233-40DD-AE25-A591A65EF732}.Debug|Any CPU.ActiveCfg = Debug|Any CPU
		{CAE8A923-9233-40DD-AE25-A591A65EF732}.Debug|Any CPU.Build.0 = Debug|Any CPU
		{CAE8A923-9233-40DD-AE25-A591A65EF732}.Release|Any CPU.ActiveCfg = Release|Any CPU
		{CAE8A923-9233-40DD-AE25-A591A65EF732}.Release|Any CPU.Build.0 = Release|Any CPU
	EndGlobalSection
	GlobalSection(NestedProjects) = preSolution
		{8713E609-E340-4BE3-8188-F38F0C9EC2C6} = {EDB74CB7-EE6D-4DE3-BAA4-B967DFED294E}
		{4595E1EC-3AB6-4A5A-9324-A0D4BDC89674} = {D423F6EE-8249-4994-8B95-153E8C53B71A}
		{13DDABEE-183F-4686-A502-700050EE8E56} = {D423F6EE-8249-4994-8B95-153E8C53B71A}
		{C2B03127-899E-4EF3-A9BB-AEEFED66ADF0} = {EDB74CB7-EE6D-4DE3-BAA4-B967DFED294E}
		{6F320BF0-9239-49D1-A8FE-1220432A8D06} = {D423F6EE-8249-4994-8B95-153E8C53B71A}
		{B4152BFA-3517-4B8C-80E7-AF622F2ABED7} = {EDB74CB7-EE6D-4DE3-BAA4-B967DFED294E}
		{580487C3-D32A-4F00-8311-8199090D6629} = {D423F6EE-8249-4994-8B95-153E8C53B71A}
	EndGlobalSection
EndGlobal
